
Microsoft Visual Studio Solution File, Format Version 12.00
# Visual Studio 2017
Project("{FAE04EC0-301F-11D3-BF4B-00C04F79EFBC}") = "BOD-UNity-Game", "BOD-UNity-Game.csproj", "{88332064-9C5E-CE01-AA3B-AF235EC25CBE}"
EndProject
Project("{FAE04EC0-301F-11D3-BF4B-00C04F79EFBC}") = "BOD-UNity-Game.Editor", "BOD-UNity-Game.Editor.csproj", "{AD700BFD-FBC3-C6AE-E99E-DC987E941576}"
EndProject
Global
	GlobalSection(SolutionConfigurationPlatforms) = preSolution
		Debug|Any CPU = Debug|Any CPU
		Release|Any CPU = Release|Any CPU
	EndGlobalSection
	GlobalSection(ProjectConfigurationPlatforms) = postSolution
		{88332064-9C5E-CE01-AA3B-AF235EC25CBE}.Debug|Any CPU.ActiveCfg = Debug|Any CPU
		{88332064-9C5E-CE01-AA3B-AF235EC25CBE}.Debug|Any CPU.Build.0 = Debug|Any CPU
		{88332064-9C5E-CE01-AA3B-AF235EC25CBE}.Release|Any CPU.ActiveCfg = Release|Any CPU
		{88332064-9C5E-CE01-AA3B-AF235EC25CBE}.Release|Any CPU.Build.0 = Release|Any CPU
		{AD700BFD-FBC3-C6AE-E99E-DC987E941576}.Debug|Any CPU.ActiveCfg = Debug|Any CPU
		{AD700BFD-FBC3-C6AE-E99E-DC987E941576}.Debug|Any CPU.Build.0 = Debug|Any CPU
		{AD700BFD-FBC3-C6AE-E99E-DC987E941576}.Release|Any CPU.ActiveCfg = Release|Any CPU
		{AD700BFD-FBC3-C6AE-E99E-DC987E941576}.Release|Any CPU.Build.0 = Release|Any CPU
	EndGlobalSection
	GlobalSection(SolutionProperties) = preSolution
		HideSolutionNode = FALSE
	EndGlobalSection
EndGlobal
